// !$*UTF8*$!
{
	archiveVersion = 1;
	classes = {
	};
	objectVersion = 56;
	objects = {

/* Begin PBXBuildFile section */
		D95251A529ADACA100D24894 /* SplashView.swift in Sources */ = {isa = PBXBuildFile; fileRef = D95251A429ADACA100D24894 /* SplashView.swift */; };
		D9722B6329AD22A400E5FF5C /* cheese_lockApp.swift in Sources */ = {isa = PBXBuildFile; fileRef = D9722B6229AD22A400E5FF5C /* cheese_lockApp.swift */; };
		D9722B6529AD22A400E5FF5C /* ContentView.swift in Sources */ = {isa = PBXBuildFile; fileRef = D9722B6429AD22A400E5FF5C /* ContentView.swift */; };
		D9722B6729AD22A600E5FF5C /* Assets.xcassets in Resources */ = {isa = PBXBuildFile; fileRef = D9722B6629AD22A600E5FF5C /* Assets.xcassets */; };
		D9722B6A29AD22A600E5FF5C /* Preview Assets.xcassets in Resources */ = {isa = PBXBuildFile; fileRef = D9722B6929AD22A600E5FF5C /* Preview Assets.xcassets */; };
		D9722B7429AD22A600E5FF5C /* cheese_lockTests.swift in Sources */ = {isa = PBXBuildFile; fileRef = D9722B7329AD22A600E5FF5C /* cheese_lockTests.swift */; };
		D9722B7E29AD22A600E5FF5C /* cheese_lockUITests.swift in Sources */ = {isa = PBXBuildFile; fileRef = D9722B7D29AD22A600E5FF5C /* cheese_lockUITests.swift */; };
		D9722B8029AD22A600E5FF5C /* cheese_lockUITestsLaunchTests.swift in Sources */ = {isa = PBXBuildFile; fileRef = D9722B7F29AD22A600E5FF5C /* cheese_lockUITestsLaunchTests.swift */; };
		D9722B8D29AD22D100E5FF5C /* SwiftUIView.swift in Sources */ = {isa = PBXBuildFile; fileRef = D9722B8C29AD22D100E5FF5C /* SwiftUIView.swift */; };
		D9722B8E29AD22D100E5FF5C /* SwiftUIView.swift in Sources */ = {isa = PBXBuildFile; fileRef = D9722B8C29AD22D100E5FF5C /* SwiftUIView.swift */; };
		D9722B8F29AD22D100E5FF5C /* SwiftUIView.swift in Sources */ = {isa = PBXBuildFile; fileRef = D9722B8C29AD22D100E5FF5C /* SwiftUIView.swift */; };
/* End PBXBuildFile section */

/* Begin PBXContainerItemProxy section */
		D9722B7029AD22A600E5FF5C /* PBXContainerItemProxy */ = {
			isa = PBXContainerItemProxy;
			containerPortal = D9722B5729AD22A400E5FF5C /* Project object */;
			proxyType = 1;
			remoteGlobalIDString = D9722B5E29AD22A400E5FF5C;
			remoteInfo = cheese_lock;
		};
		D9722B7A29AD22A600E5FF5C /* PBXContainerItemProxy */ = {
			isa = PBXContainerItemProxy;
			containerPortal = D9722B5729AD22A400E5FF5C /* Project object */;
			proxyType = 1;
			remoteGlobalIDString = D9722B5E29AD22A400E5FF5C;
			remoteInfo = cheese_lock;
		};
/* End PBXContainerItemProxy section */

/* Begin PBXFileReference section */
		D95251A429ADACA100D24894 /* SplashView.swift */ = {isa = PBXFileReference; lastKnownFileType = sourcecode.swift; path = SplashView.swift; sourceTree = "<group>"; };
		D9722B5F29AD22A400E5FF5C /* cheese_lock.app */ = {isa = PBXFileReference; explicitFileType = wrapper.application; includeInIndex = 0; path = cheese_lock.app; sourceTree = BUILT_PRODUCTS_DIR; };
		D9722B6229AD22A400E5FF5C /* cheese_lockApp.swift */ = {isa = PBXFileReference; lastKnownFileType = sourcecode.swift; path = cheese_lockApp.swift; sourceTree = "<group>"; };
		D9722B6429AD22A400E5FF5C /* ContentView.swift */ = {isa = PBXFileReference; lastKnownFileType = sourcecode.swift; path = ContentView.swift; sourceTree = "<group>"; };
		D9722B6629AD22A600E5FF5C /* Assets.xcassets */ = {isa = PBXFileReference; lastKnownFileType = folder.assetcatalog; path = Assets.xcassets; sourceTree = "<group>"; };
		D9722B6929AD22A600E5FF5C /* Preview Assets.xcassets */ = {isa = PBXFileReference; lastKnownFileType = folder.assetcatalog; path = "Preview Assets.xcassets"; sourceTree = "<group>"; };
		D9722B6F29AD22A600E5FF5C /* cheese_lockTests.xctest */ = {isa = PBXFileReference; explicitFileType = wrapper.cfbundle; includeInIndex = 0; path = cheese_lockTests.xctest; sourceTree = BUILT_PRODUCTS_DIR; };
		D9722B7329AD22A600E5FF5C /* cheese_lockTests.swift */ = {isa = PBXFileReference; lastKnownFileType = sourcecode.swift; path = cheese_lockTests.swift; sourceTree = "<group>"; };
		D9722B7929AD22A600E5FF5C /* cheese_lockUITests.xctest */ = {isa = PBXFileReference; explicitFileType = wrapper.cfbundle; includeInIndex = 0; path = cheese_lockUITests.xctest; sourceTree = BUILT_PRODUCTS_DIR; };
		D9722B7D29AD22A600E5FF5C /* cheese_lockUITests.swift */ = {isa = PBXFileReference; lastKnownFileType = sourcecode.swift; path = cheese_lockUITests.swift; sourceTree = "<group>"; };
		D9722B7F29AD22A600E5FF5C /* cheese_lockUITestsLaunchTests.swift */ = {isa = PBXFileReference; lastKnownFileType = sourcecode.swift; path = cheese_lockUITestsLaunchTests.swift; sourceTree = "<group>"; };
		D9722B8C29AD22D100E5FF5C /* SwiftUIView.swift */ = {isa = PBXFileReference; lastKnownFileType = sourcecode.swift; path = SwiftUIView.swift; sourceTree = "<group>"; };
/* End PBXFileReference section */

/* Begin PBXFrameworksBuildPhase section */
		D9722B5C29AD22A400E5FF5C /* Frameworks */ = {
			isa = PBXFrameworksBuildPhase;
			buildActionMask = 2147483647;
			files = (
			);
			runOnlyForDeploymentPostprocessing = 0;
		};
		D9722B6C29AD22A600E5FF5C /* Frameworks */ = {
			isa = PBXFrameworksBuildPhase;
			buildActionMask = 2147483647;
			files = (
			);
			runOnlyForDeploymentPostprocessing = 0;
		};
		D9722B7629AD22A600E5FF5C /* Frameworks */ = {
			isa = PBXFrameworksBuildPhase;
			buildActionMask = 2147483647;
			files = (
			);
			runOnlyForDeploymentPostprocessing = 0;
		};
/* End PBXFrameworksBuildPhase section */

/* Begin PBXGroup section */
		D9722B5629AD22A400E5FF5C = {
			isa = PBXGroup;
			children = (
				D9722B6129AD22A400E5FF5C /* cheese_lock */,
				D9722B7229AD22A600E5FF5C /* cheese_lockTests */,
				D9722B7C29AD22A600E5FF5C /* cheese_lockUITests */,
				D9722B6029AD22A400E5FF5C /* Products */,
			);
			sourceTree = "<group>";
		};
		D9722B6029AD22A400E5FF5C /* Products */ = {
			isa = PBXGroup;
			children = (
				D9722B5F29AD22A400E5FF5C /* cheese_lock.app */,
				D9722B6F29AD22A600E5FF5C /* cheese_lockTests.xctest */,
				D9722B7929AD22A600E5FF5C /* cheese_lockUITests.xctest */,
			);
			name = Products;
			sourceTree = "<group>";
		};
		D9722B6129AD22A400E5FF5C /* cheese_lock */ = {
			isa = PBXGroup;
			children = (
				D95251A429ADACA100D24894 /* SplashView.swift */,
				D9722B6229AD22A400E5FF5C /* cheese_lockApp.swift */,
				D9722B6429AD22A400E5FF5C /* ContentView.swift */,
				D9722B8C29AD22D100E5FF5C /* SwiftUIView.swift */,
				D9722B6629AD22A600E5FF5C /* Assets.xcassets */,
				D9722B6829AD22A600E5FF5C /* Preview Content */,
			);
			path = cheese_lock;
			sourceTree = "<group>";
		};
		D9722B6829AD22A600E5FF5C /* Preview Content */ = {
			isa = PBXGroup;
			children = (
				D9722B6929AD22A600E5FF5C /* Preview Assets.xcassets */,
			);
			path = "Preview Content";
			sourceTree = "<group>";
		};
		D9722B7229AD22A600E5FF5C /* cheese_lockTests */ = {
			isa = PBXGroup;
			children = (
				D9722B7329AD22A600E5FF5C /* cheese_lockTests.swift */,
			);
			path = cheese_lockTests;
			sourceTree = "<group>";
		};
		D9722B7C29AD22A600E5FF5C /* cheese_lockUITests */ = {
			isa = PBXGroup;
			children = (
				D9722B7D29AD22A600E5FF5C /* cheese_lockUITests.swift */,
				D9722B7F29AD22A600E5FF5C /* cheese_lockUITestsLaunchTests.swift */,
			);
			path = cheese_lockUITests;
			sourceTree = "<group>";
		};
/* End PBXGroup section */

/* Begin PBXNativeTarget section */
		D9722B5E29AD22A400E5FF5C /* cheese_lock */ = {
			isa = PBXNativeTarget;
			buildConfigurationList = D9722B8329AD22A600E5FF5C /* Build configuration list for PBXNativeTarget "cheese_lock" */;
			buildPhases = (
				D9722B5B29AD22A400E5FF5C /* Sources */,
				D9722B5C29AD22A400E5FF5C /* Frameworks */,
				D9722B5D29AD22A400E5FF5C /* Resources */,
			);
			buildRules = (
			);
			dependencies = (
			);
			name = cheese_lock;
			productName = cheese_lock;
			productReference = D9722B5F29AD22A400E5FF5C /* cheese_lock.app */;
			productType = "com.apple.product-type.application";
		};
		D9722B6E29AD22A600E5FF5C /* cheese_lockTests */ = {
			isa = PBXNativeTarget;
			buildConfigurationList = D9722B8629AD22A600E5FF5C /* Build configuration list for PBXNativeTarget "cheese_lockTests" */;
			buildPhases = (
				D9722B6B29AD22A600E5FF5C /* Sources */,
				D9722B6C29AD22A600E5FF5C /* Frameworks */,
				D9722B6D29AD22A600E5FF5C /* Resources */,
			);
			buildRules = (
			);
			dependencies = (
				D9722B7129AD22A600E5FF5C /* PBXTargetDependency */,
			);
			name = cheese_lockTests;
			productName = cheese_lockTests;
			productReference = D9722B6F29AD22A600E5FF5C /* cheese_lockTests.xctest */;
			productType = "com.apple.product-type.bundle.unit-test";
		};
		D9722B7829AD22A600E5FF5C /* cheese_lockUITests */ = {
			isa = PBXNativeTarget;
			buildConfigurationList = D9722B8929AD22A600E5FF5C /* Build configuration list for PBXNativeTarget "cheese_lockUITests" */;
			buildPhases = (
				D9722B7529AD22A600E5FF5C /* Sources */,
				D9722B7629AD22A600E5FF5C /* Frameworks */,
				D9722B7729AD22A600E5FF5C /* Resources */,
			);
			buildRules = (
			);
			dependencies = (
				D9722B7B29AD22A600E5FF5C /* PBXTargetDependency */,
			);
			name = cheese_lockUITests;
			productName = cheese_lockUITests;
			productReference = D9722B7929AD22A600E5FF5C /* cheese_lockUITests.xctest */;
			productType = "com.apple.product-type.bundle.ui-testing";
		};
/* End PBXNativeTarget section */

/* Begin PBXProject section */
		D9722B5729AD22A400E5FF5C /* Project object */ = {
			isa = PBXProject;
			attributes = {
				BuildIndependentTargetsInParallel = 1;
				LastSwiftUpdateCheck = 1410;
				LastUpgradeCheck = 1410;
				TargetAttributes = {
					D9722B5E29AD22A400E5FF5C = {
						CreatedOnToolsVersion = 14.1;
					};
					D9722B6E29AD22A600E5FF5C = {
						CreatedOnToolsVersion = 14.1;
						TestTargetID = D9722B5E29AD22A400E5FF5C;
					};
					D9722B7829AD22A600E5FF5C = {
						CreatedOnToolsVersion = 14.1;
						TestTargetID = D9722B5E29AD22A400E5FF5C;
					};
				};
			};
			buildConfigurationList = D9722B5A29AD22A400E5FF5C /* Build configuration list for PBXProject "cheese_lock" */;
			compatibilityVersion = "Xcode 14.0";
			developmentRegion = en;
			hasScannedForEncodings = 0;
			knownRegions = (
				en,
				Base,
			);
			mainGroup = D9722B5629AD22A400E5FF5C;
			productRefGroup = D9722B6029AD22A400E5FF5C /* Products */;
			projectDirPath = "";
			projectRoot = "";
			targets = (
				D9722B5E29AD22A400E5FF5C /* cheese_lock */,
				D9722B6E29AD22A600E5FF5C /* cheese_lockTests */,
				D9722B7829AD22A600E5FF5C /* cheese_lockUITests */,
			);
		};
/* End PBXProject section */

/* Begin PBXResourcesBuildPhase section */
		D9722B5D29AD22A400E5FF5C /* Resources */ = {
			isa = PBXResourcesBuildPhase;
			buildActionMask = 2147483647;
			files = (
				D9722B6A29AD22A600E5FF5C /* Preview Assets.xcassets in Resources */,
				D9722B6729AD22A600E5FF5C /* Assets.xcassets in Resources */,
			);
			runOnlyForDeploymentPostprocessing = 0;
		};
		D9722B6D29AD22A600E5FF5C /* Resources */ = {
			isa = PBXResourcesBuildPhase;
			buildActionMask = 2147483647;
			files = (
			);
			runOnlyForDeploymentPostprocessing = 0;
		};
		D9722B7729AD22A600E5FF5C /* Resources */ = {
			isa = PBXResourcesBuildPhase;
			buildActionMask = 2147483647;
			files = (
			);
			runOnlyForDeploymentPostprocessing = 0;
		};
/* End PBXResourcesBuildPhase section */

/* Begin PBXSourcesBuildPhase section */
		D9722B5B29AD22A400E5FF5C /* Sources */ = {
			isa = PBXSourcesBuildPhase;
			buildActionMask = 2147483647;
			files = (
				D9722B6529AD22A400E5FF5C /* ContentView.swift in Sources */,
				D95251A529ADACA100D24894 /* SplashView.swift in Sources */,
				D9722B6329AD22A400E5FF5C /* cheese_lockApp.swift in Sources */,
				D9722B8D29AD22D100E5FF5C /* SwiftUIView.swift in Sources */,
			);
			runOnlyForDeploymentPostprocessing = 0;
		};
		D9722B6B29AD22A600E5FF5C /* Sources */ = {
			isa = PBXSourcesBuildPhase;
			buildActionMask = 2147483647;
			files = (
				D9722B8E29AD22D100E5FF5C /* SwiftUIView.swift in Sources */,
				D9722B7429AD22A600E5FF5C /* cheese_lockTests.swift in Sources */,
			);
			runOnlyForDeploymentPostprocessing = 0;
		};
		D9722B7529AD22A600E5FF5C /* Sources */ = {
			isa = PBXSourcesBuildPhase;
			buildActionMask = 2147483647;
			files = (
				D9722B8029AD22A600E5FF5C /* cheese_lockUITestsLaunchTests.swift in Sources */,
				D9722B7E29AD22A600E5FF5C /* cheese_lockUITests.swift in Sources */,
				D9722B8F29AD22D100E5FF5C /* SwiftUIView.swift in Sources */,
			);
			runOnlyForDeploymentPostprocessing = 0;
		};
/* End PBXSourcesBuildPhase section */

/* Begin PBXTargetDependency section */
		D9722B7129AD22A600E5FF5C /* PBXTargetDependency */ = {
			isa = PBXTargetDependency;
			target = D9722B5E29AD22A400E5FF5C /* cheese_lock */;
			targetProxy = D9722B7029AD22A600E5FF5C /* PBXContainerItemProxy */;
		};
		D9722B7B29AD22A600E5FF5C /* PBXTargetDependency */ = {
			isa = PBXTargetDependency;
			target = D9722B5E29AD22A400E5FF5C /* cheese_lock */;
			targetProxy = D9722B7A29AD22A600E5FF5C /* PBXContainerItemProxy */;
		};
/* End PBXTargetDependency section */

/* Begin XCBuildConfiguration section */
		D9722B8129AD22A600E5FF5C /* Debug */ = {
			isa = XCBuildConfiguration;
			buildSettings = {
				ALWAYS_SEARCH_USER_PATHS = NO;
				CLANG_ANALYZER_NONNULL = YES;
				CLANG_ANALYZER_NUMBER_OBJECT_CONVERSION = YES_AGGRESSIVE;
				CLANG_CXX_LANGUAGE_STANDARD = "gnu++20";
				CLANG_ENABLE_MODULES = YES;
				CLANG_ENABLE_OBJC_ARC = YES;
				CLANG_ENABLE_OBJC_WEAK = YES;
				CLANG_WARN_BLOCK_CAPTURE_AUTORELEASING = YES;
				CLANG_WARN_BOOL_CONVERSION = YES;
				CLANG_WARN_COMMA = YES;
				CLANG_WARN_CONSTANT_CONVERSION = YES;
				CLANG_WARN_DEPRECATED_OBJC_IMPLEMENTATIONS = YES;
				CLANG_WARN_DIRECT_OBJC_ISA_USAGE = YES_ERROR;
				CLANG_WARN_DOCUMENTATION_COMMENTS = YES;
				CLANG_WARN_EMPTY_BODY = YES;
				CLANG_WARN_ENUM_CONVERSION = YES;
				CLANG_WARN_INFINITE_RECURSION = YES;
				CLANG_WARN_INT_CONVERSION = YES;
				CLANG_WARN_NON_LITERAL_NULL_CONVERSION = YES;
				CLANG_WARN_OBJC_IMPLICIT_RETAIN_SELF = YES;
				CLANG_WARN_OBJC_LITERAL_CONVERSION = YES;
				CLANG_WARN_OBJC_ROOT_CLASS = YES_ERROR;
				CLANG_WARN_QUOTED_INCLUDE_IN_FRAMEWORK_HEADER = YES;
				CLANG_WARN_RANGE_LOOP_ANALYSIS = YES;
				CLANG_WARN_STRICT_PROTOTYPES = YES;
				CLANG_WARN_SUSPICIOUS_MOVE = YES;
				CLANG_WARN_UNGUARDED_AVAILABILITY = YES_AGGRESSIVE;
				CLANG_WARN_UNREACHABLE_CODE = YES;
				CLANG_WARN__DUPLICATE_METHOD_MATCH = YES;
				COPY_PHASE_STRIP = NO;
				DEBUG_INFORMATION_FORMAT = dwarf;
				ENABLE_STRICT_OBJC_MSGSEND = YES;
				ENABLE_TESTABILITY = YES;
				GCC_C_LANGUAGE_STANDARD = gnu11;
				GCC_DYNAMIC_NO_PIC = NO;
				GCC_NO_COMMON_BLOCKS = YES;
				GCC_OPTIMIZATION_LEVEL = 0;
				GCC_PREPROCESSOR_DEFINITIONS = (
					"DEBUG=1",
					"$(inherited)",
				);
				GCC_WARN_64_TO_32_BIT_CONVERSION = YES;
				GCC_WARN_ABOUT_RETURN_TYPE = YES_ERROR;
				GCC_WARN_UNDECLARED_SELECTOR = YES;
				GCC_WARN_UNINITIALIZED_AUTOS = YES_AGGRESSIVE;
				GCC_WARN_UNUSED_FUNCTION = YES;
				GCC_WARN_UNUSED_VARIABLE = YES;
				IPHONEOS_DEPLOYMENT_TARGET = 16.1;
				MTL_ENABLE_DEBUG_INFO = INCLUDE_SOURCE;
				MTL_FAST_MATH = YES;
				ONLY_ACTIVE_ARCH = YES;
				SDKROOT = iphoneos;
				SWIFT_ACTIVE_COMPILATION_CONDITIONS = DEBUG;
				SWIFT_OPTIMIZATION_LEVEL = "-Onone";
			};
			name = Debug;
		};
		D9722B8229AD22A600E5FF5C /* Release */ = {
			isa = XCBuildConfiguration;
			buildSettings = {
				ALWAYS_SEARCH_USER_PATHS = NO;
				CLANG_ANALYZER_NONNULL = YES;
				CLANG_ANALYZER_NUMBER_OBJECT_CONVERSION = YES_AGGRESSIVE;
				CLANG_CXX_LANGUAGE_STANDARD = "gnu++20";
				CLANG_ENABLE_MODULES = YES;
				CLANG_ENABLE_OBJC_ARC = YES;
				CLANG_ENABLE_OBJC_WEAK = YES;
				CLANG_WARN_BLOCK_CAPTURE_AUTORELEASING = YES;
				CLANG_WARN_BOOL_CONVERSION = YES;
				CLANG_WARN_COMMA = YES;
				CLANG_WARN_CONSTANT_CONVERSION = YES;
				CLANG_WARN_DEPRECATED_OBJC_IMPLEMENTATIONS = YES;
				CLANG_WARN_DIRECT_OBJC_ISA_USAGE = YES_ERROR;
				CLANG_WARN_DOCUMENTATION_COMMENTS = YES;
				CLANG_WARN_EMPTY_BODY = YES;
				CLANG_WARN_ENUM_CONVERSION = YES;
				CLANG_WARN_INFINITE_RECURSION = YES;
				CLANG_WARN_INT_CONVERSION = YES;
				CLANG_WARN_NON_LITERAL_NULL_CONVERSION = YES;
				CLANG_WARN_OBJC_IMPLICIT_RETAIN_SELF = YES;
				CLANG_WARN_OBJC_LITERAL_CONVERSION = YES;
				CLANG_WARN_OBJC_ROOT_CLASS = YES_ERROR;
				CLANG_WARN_QUOTED_INCLUDE_IN_FRAMEWORK_HEADER = YES;
				CLANG_WARN_RANGE_LOOP_ANALYSIS = YES;
				CLANG_WARN_STRICT_PROTOTYPES = YES;
				CLANG_WARN_SUSPICIOUS_MOVE = YES;
				CLANG_WARN_UNGUARDED_AVAILABILITY = YES_AGGRESSIVE;
				CLANG_WARN_UNREACHABLE_CODE = YES;
				CLANG_WARN__DUPLICATE_METHOD_MATCH = YES;
				COPY_PHASE_STRIP = NO;
				DEBUG_INFORMATION_FORMAT = "dwarf-with-dsym";
				ENABLE_NS_ASSERTIONS = NO;
				ENABLE_STRICT_OBJC_MSGSEND = YES;
				GCC_C_LANGUAGE_STANDARD = gnu11;
				GCC_NO_COMMON_BLOCKS = YES;
				GCC_WARN_64_TO_32_BIT_CONVERSION = YES;
				GCC_WARN_ABOUT_RETURN_TYPE = YES_ERROR;
				GCC_WARN_UNDECLARED_SELECTOR = YES;
				GCC_WARN_UNINITIALIZED_AUTOS = YES_AGGRESSIVE;
				GCC_WARN_UNUSED_FUNCTION = YES;
				GCC_WARN_UNUSED_VARIABLE = YES;
				IPHONEOS_DEPLOYMENT_TARGET = 16.1;
				MTL_ENABLE_DEBUG_INFO = NO;
				MTL_FAST_MATH = YES;
				SDKROOT = iphoneos;
				SWIFT_COMPILATION_MODE = wholemodule;
				SWIFT_OPTIMIZATION_LEVEL = "-O";
				VALIDATE_PRODUCT = YES;
			};
			name = Release;
		};
		D9722B8429AD22A600E5FF5C /* Debug */ = {
			isa = XCBuildConfiguration;
			buildSettings = {
				ASSETCATALOG_COMPILER_APPICON_NAME = AppIcon;
				ASSETCATALOG_COMPILER_GLOBAL_ACCENT_COLOR_NAME = AccentColor;
				CODE_SIGN_STYLE = Automatic;
				CURRENT_PROJECT_VERSION = 1;
				DEVELOPMENT_ASSET_PATHS = "\"cheese_lock/Preview Content\"";
				ENABLE_PREVIEWS = YES;
				GENERATE_INFOPLIST_FILE = YES;
				INFOPLIST_KEY_UIApplicationSceneManifest_Generation = YES;
				INFOPLIST_KEY_UIApplicationSupportsIndirectInputEvents = YES;
				INFOPLIST_KEY_UILaunchScreen_Generation = YES;
				INFOPLIST_KEY_UISupportedInterfaceOrientations_iPad = "UIInterfaceOrientationPortrait UIInterfaceOrientationPortraitUpsideDown UIInterfaceOrientationLandscapeLeft UIInterfaceOrientationLandscapeRight";
				INFOPLIST_KEY_UISupportedInterfaceOrientations_iPhone = "UIInterfaceOrientationPortrait UIInterfaceOrientationLandscapeLeft UIInterfaceOrientationLandscapeRight";
				LD_RUNPATH_SEARCH_PATHS = (
					"$(inherited)",
					"@executable_path/Frameworks",
				);
				MARKETING_VERSION = 1.0;
				PRODUCT_BUNDLE_IDENTIFIER = "ADG.cheese-lock";
				PRODUCT_NAME = "$(TARGET_NAME)";
				SWIFT_EMIT_LOC_STRINGS = YES;
				SWIFT_VERSION = 5.0;
				TARGETED_DEVICE_FAMILY = "1,2";
			};
			name = Debug;
		};
		D9722B8529AD22A600E5FF5C /* Release */ = {
			isa = XCBuildConfiguration;
			buildSettings = {
				ASSETCATALOG_COMPILER_APPICON_NAME = AppIcon;
				ASSETCATALOG_COMPILER_GLOBAL_ACCENT_COLOR_NAME = AccentColor;
				CODE_SIGN_STYLE = Automatic;
				CURRENT_PROJECT_VERSION = 1;
				DEVELOPMENT_ASSET_PATHS = "\"cheese_lock/Preview Content\"";
				ENABLE_PREVIEWS = YES;
				GENERATE_INFOPLIST_FILE = YES;
				INFOPLIST_KEY_UIApplicationSceneManifest_Generation = YES;
				INFOPLIST_KEY_UIApplicationSupportsIndirectInputEvents = YES;
				INFOPLIST_KEY_UILaunchScreen_Generation = YES;
				INFOPLIST_KEY_UISupportedInterfaceOrientations_iPad = "UIInterfaceOrientationPortrait UIInterfaceOrientationPortraitUpsideDown UIInterfaceOrientationLandscapeLeft UIInterfaceOrientationLandscapeRight";
				INFOPLIST_KEY_UISupportedInterfaceOrientations_iPhone = "UIInterfaceOrientationPortrait UIInterfaceOrientationLandscapeLeft UIInterfaceOrientationLandscapeRight";
				LD_RUNPATH_SEARCH_PATHS = (
					"$(inherited)",
					"@executable_path/Frameworks",
				);
				MARKETING_VERSION = 1.0;
				PRODUCT_BUNDLE_IDENTIFIER = "ADG.cheese-lock";
				PRODUCT_NAME = "$(TARGET_NAME)";
				SWIFT_EMIT_LOC_STRINGS = YES;
				SWIFT_VERSION = 5.0;
				TARGETED_DEVICE_FAMILY = "1,2";
			};
			name = Release;
		};
		D9722B8729AD22A600E5FF5C /* Debug */ = {
			isa = XCBuildConfiguration;
			buildSettings = {
				ALWAYS_EMBED_SWIFT_STANDARD_LIBRARIES = YES;
				BUNDLE_LOADER = "$(TEST_HOST)";
				CODE_SIGN_STYLE = Automatic;
				CURRENT_PROJECT_VERSION = 1;
				GENERATE_INFOPLIST_FILE = YES;
				IPHONEOS_DEPLOYMENT_TARGET = 16.1;
				MARKETING_VERSION = 1.0;
				PRODUCT_BUNDLE_IDENTIFIER = "ADG.cheese-lockTests";
				PRODUCT_NAME = "$(TARGET_NAME)";
				SWIFT_EMIT_LOC_STRINGS = NO;
				SWIFT_VERSION = 5.0;
				TARGETED_DEVICE_FAMILY = "1,2";
				TEST_HOST = "$(BUILT_PRODUCTS_DIR)/cheese_lock.app/$(BUNDLE_EXECUTABLE_FOLDER_PATH)/cheese_lock";
			};
			name = Debug;
		};
		D9722B8829AD22A600E5FF5C /* Release */ = {
			isa = XCBuildConfiguration;
			buildSettings = {
				ALWAYS_EMBED_SWIFT_STANDARD_LIBRARIES = YES;
				BUNDLE_LOADER = "$(TEST_HOST)";
				CODE_SIGN_STYLE = Automatic;
				CURRENT_PROJECT_VERSION = 1;
				GENERATE_INFOPLIST_FILE = YES;
				IPHONEOS_DEPLOYMENT_TARGET = 16.1;
				MARKETING_VERSION = 1.0;
				PRODUCT_BUNDLE_IDENTIFIER = "ADG.cheese-lockTests";
				PRODUCT_NAME = "$(TARGET_NAME)";
				SWIFT_EMIT_LOC_STRINGS = NO;
				SWIFT_VERSION = 5.0;
				TARGETED_DEVICE_FAMILY = "1,2";
				TEST_HOST = "$(BUILT_PRODUCTS_DIR)/cheese_lock.app/$(BUNDLE_EXECUTABLE_FOLDER_PATH)/cheese_lock";
			};
			name = Release;
		};
		D9722B8A29AD22A600E5FF5C /* Debug */ = {
			isa = XCBuildConfiguration;
			buildSettings = {
				ALWAYS_EMBED_SWIFT_STANDARD_LIBRARIES = YES;
				CODE_SIGN_STYLE = Automatic;
				CURRENT_PROJECT_VERSION = 1;
				GENERATE_INFOPLIST_FILE = YES;
				MARKETING_VERSION = 1.0;
				PRODUCT_BUNDLE_IDENTIFIER = "ADG.cheese-lockUITests";
				PRODUCT_NAME = "$(TARGET_NAME)";
				SWIFT_EMIT_LOC_STRINGS = NO;
				SWIFT_VERSION = 5.0;
				TARGETED_DEVICE_FAMILY = "1,2";
				TEST_TARGET_NAME = cheese_lock;
			};
			name = Debug;
		};
		D9722B8B29AD22A600E5FF5C /* Release */ = {
			isa = XCBuildConfiguration;
			buildSettings = {
				ALWAYS_EMBED_SWIFT_STANDARD_LIBRARIES = YES;
				CODE_SIGN_STYLE = Automatic;
				CURRENT_PROJECT_VERSION = 1;
				GENERATE_INFOPLIST_FILE = YES;
				MARKETING_VERSION = 1.0;
				PRODUCT_BUNDLE_IDENTIFIER = "ADG.cheese-lockUITests";
				PRODUCT_NAME = "$(TARGET_NAME)";
				SWIFT_EMIT_LOC_STRINGS = NO;
				SWIFT_VERSION = 5.0;
				TARGETED_DEVICE_FAMILY = "1,2";
				TEST_TARGET_NAME = cheese_lock;
			};
			name = Release;
		};
/* End XCBuildConfiguration section */

/* Begin XCConfigurationList section */
		D9722B5A29AD22A400E5FF5C /* Build configuration list for PBXProject "cheese_lock" */ = {
			isa = XCConfigurationList;
			buildConfigurations = (
				D9722B8129AD22A600E5FF5C /* Debug */,
				D9722B8229AD22A600E5FF5C /* Release */,
			);
			defaultConfigurationIsVisible = 0;
			defaultConfigurationName = Release;
		};
		D9722B8329AD22A600E5FF5C /* Build configuration list for PBXNativeTarget "cheese_lock" */ = {
			isa = XCConfigurationList;
			buildConfigurations = (
				D9722B8429AD22A600E5FF5C /* Debug */,
				D9722B8529AD22A600E5FF5C /* Release */,
			);
			defaultConfigurationIsVisible = 0;
			defaultConfigurationName = Release;
		};
		D9722B8629AD22A600E5FF5C /* Build configuration list for PBXNativeTarget "cheese_lockTests" */ = {
			isa = XCConfigurationList;
			buildConfigurations = (
				D9722B8729AD22A600E5FF5C /* Debug */,
				D9722B8829AD22A600E5FF5C /* Release */,
			);
			defaultConfigurationIsVisible = 0;
			defaultConfigurationName = Release;
		};
		D9722B8929AD22A600E5FF5C /* Build configuration list for PBXNativeTarget "cheese_lockUITests" */ = {
			isa = XCConfigurationList;
			buildConfigurations = (
				D9722B8A29AD22A600E5FF5C /* Debug */,
				D9722B8B29AD22A600E5FF5C /* Release */,
			);
			defaultConfigurationIsVisible = 0;
			defaultConfigurationName = Release;
		};
/* End XCConfigurationList section */
	};
	rootObject = D9722B5729AD22A400E5FF5C /* Project object */;
}
